
Microsoft Visual Studio Solution File, Format Version 12.00
# Visual Studio Version 17
VisualStudioVersion = 17.12.35209.166
MinimumVisualStudioVersion = 10.0.40219.1
Project("{9A19103F-16F7-4668-BE54-9A1E7A4F7556}") = "ODPC", "ODPC.Server\ODPC.csproj", "{81005658-C499-4BE8-BC5E-BA2D428FA0C1}"
EndProject
Project("{54A90642-561A-4BB1-A94E-469ADEE60C69}") = "odpc.client", "odpc.client\odpc.client.esproj", "{8D0C4175-8DDF-47A4-9FCD-A5BA6B14FED9}"
EndProject
Project("{2150E333-8FDC-42A3-9474-1A3956D46DE8}") = "Solution Items", "Solution Items", "{A9925AD0-DDDC-4AFC-95C5-E1BB3EA0BF21}"
	ProjectSection(SolutionItems) = preProject
		.editorconfig = .editorconfig
	EndProjectSection
EndProject
Project("{E53339B2-1760-4266-BCC7-CA923CBCF16C}") = "docker-compose", "docker-compose.dcproj", "{6BA9B6D5-43C7-411A-A68B-BF6338CF60CD}"
EndProject
Project("{FAE04EC0-301F-11D3-BF4B-00C04F79EFBC}") = "ODPC.Test", "ODPC.Test\ODPC.Test.csproj", "{D495B697-07DE-4C1A-B08A-4C95C5706A94}"
EndProject
Global
	GlobalSection(SolutionConfigurationPlatforms) = preSolution
		Debug|Any CPU = Debug|Any CPU
		Release|Any CPU = Release|Any CPU
	EndGlobalSection
	GlobalSection(ProjectConfigurationPlatforms) = postSolution
		{81005658-C499-4BE8-BC5E-BA2D428FA0C1}.Debug|Any CPU.ActiveCfg = Debug|Any CPU
		{81005658-C499-4BE8-BC5E-BA2D428FA0C1}.Debug|Any CPU.Build.0 = Debug|Any CPU
		{81005658-C499-4BE8-BC5E-BA2D428FA0C1}.Release|Any CPU.ActiveCfg = Release|Any CPU
		{81005658-C499-4BE8-BC5E-BA2D428FA0C1}.Release|Any CPU.Build.0 = Release|Any CPU
		{8D0C4175-8DDF-47A4-9FCD-A5BA6B14FED9}.Debug|Any CPU.ActiveCfg = Debug|Any CPU
		{8D0C4175-8DDF-47A4-9FCD-A5BA6B14FED9}.Debug|Any CPU.Build.0 = Debug|Any CPU
		{8D0C4175-8DDF-47A4-9FCD-A5BA6B14FED9}.Debug|Any CPU.Deploy.0 = Debug|Any CPU
		{8D0C4175-8DDF-47A4-9FCD-A5BA6B14FED9}.Release|Any CPU.ActiveCfg = Release|Any CPU
		{8D0C4175-8DDF-47A4-9FCD-A5BA6B14FED9}.Release|Any CPU.Build.0 = Release|Any CPU
		{8D0C4175-8DDF-47A4-9FCD-A5BA6B14FED9}.Release|Any CPU.Deploy.0 = Release|Any CPU
		{6BA9B6D5-43C7-411A-A68B-BF6338CF60CD}.Debug|Any CPU.ActiveCfg = Debug|Any CPU
		{6BA9B6D5-43C7-411A-A68B-BF6338CF60CD}.Debug|Any CPU.Build.0 = Debug|Any CPU
		{6BA9B6D5-43C7-411A-A68B-BF6338CF60CD}.Release|Any CPU.ActiveCfg = Release|Any CPU
		{6BA9B6D5-43C7-411A-A68B-BF6338CF60CD}.Release|Any CPU.Build.0 = Release|Any CPU
		{D495B697-07DE-4C1A-B08A-4C95C5706A94}.Debug|Any CPU.ActiveCfg = Debug|Any CPU
		{D495B697-07DE-4C1A-B08A-4C95C5706A94}.Debug|Any CPU.Build.0 = Debug|Any CPU
		{D495B697-07DE-4C1A-B08A-4C95C5706A94}.Release|Any CPU.ActiveCfg = Release|Any CPU
		{D495B697-07DE-4C1A-B08A-4C95C5706A94}.Release|Any CPU.Build.0 = Release|Any CPU
	EndGlobalSection
	GlobalSection(SolutionProperties) = preSolution
		HideSolutionNode = FALSE
	EndGlobalSection
	GlobalSection(ExtensibilityGlobals) = postSolution
		SolutionGuid = {D95C7717-EA11-4FD0-B6F4-513231A0F319}
	EndGlobalSection
EndGlobal
